
Microsoft Visual Studio Solution File, Format Version 12.00
# Visual Studio Version 17
VisualStudioVersion = 17.9.34728.123
MinimumVisualStudioVersion = 10.0.40219.1
Project("{FAE04EC0-301F-11D3-BF4B-00C04F79EFBC}") = "FreightChelCompanyProject", "FreightChelCompanyProject\FreightChelCompanyProject.csproj", "{756C0F3F-9788-430C-8773-59ABBCDB8230}"
EndProject
Global
	GlobalSection(SolutionConfigurationPlatforms) = preSolution
		Debug|Any CPU = Debug|Any CPU
		Release|Any CPU = Release|Any CPU
	EndGlobalSection
	GlobalSection(ProjectConfigurationPlatforms) = postSolution
		{756C0F3F-9788-430C-8773-59ABBCDB8230}.Debug|Any CPU.ActiveCfg = Debug|Any CPU
		{756C0F3F-9788-430C-8773-59ABBCDB8230}.Debug|Any CPU.Build.0 = Debug|Any CPU
		{756C0F3F-9788-430C-8773-59ABBCDB8230}.Release|Any CPU.ActiveCfg = Release|Any CPU
		{756C0F3F-9788-430C-8773-59ABBCDB8230}.Release|Any CPU.Build.0 = Release|Any CPU
	EndGlobalSection
	GlobalSection(SolutionProperties) = preSolution
		HideSolutionNode = FALSE
	EndGlobalSection
	GlobalSection(ExtensibilityGlobals) = postSolution
		SolutionGuid = {415282CA-7AA4-4D8F-BC27-C6A83C543DFE}
	EndGlobalSection
EndGlobal
